
Microsoft Visual Studio Solution File, Format Version 12.00
# Visual Studio Version 16
VisualStudioVersion = 16.0.31410.357
MinimumVisualStudioVersion = 10.0.40219.1
Project("{9A19103F-16F7-4668-BE54-9A1E7A4F7556}") = "ConfigEditor", "ConfigEditor.csproj", "{FEF188D1-558E-4E56-A47F-DE2A21B0221E}"
EndProject
Project("{FAE04EC0-301F-11D3-BF4B-00C04F79EFBC}") = "ConfigEditorTestProject", "..\ConfigEditorTestProject\ConfigEditorTestProject.csproj", "{44854E01-F4BA-4913-BDE8-A5F3B600BD66}"
EndProject
Global
	GlobalSection(SolutionConfigurationPlatforms) = preSolution
		Debug|Any CPU = Debug|Any CPU
		Release|Any CPU = Release|Any CPU
	EndGlobalSection
	GlobalSection(ProjectConfigurationPlatforms) = postSolution
		{FEF188D1-558E-4E56-A47F-DE2A21B0221E}.Debug|Any CPU.ActiveCfg = Debug|Any CPU
		{FEF188D1-558E-4E56-A47F-DE2A21B0221E}.Debug|Any CPU.Build.0 = Debug|Any CPU
		{FEF188D1-558E-4E56-A47F-DE2A21B0221E}.Release|Any CPU.ActiveCfg = Release|Any CPU
		{FEF188D1-558E-4E56-A47F-DE2A21B0221E}.Release|Any CPU.Build.0 = Release|Any CPU
		{44854E01-F4BA-4913-BDE8-A5F3B600BD66}.Debug|Any CPU.ActiveCfg = Debug|Any CPU
		{44854E01-F4BA-4913-BDE8-A5F3B600BD66}.Debug|Any CPU.Build.0 = Debug|Any CPU
		{44854E01-F4BA-4913-BDE8-A5F3B600BD66}.Release|Any CPU.ActiveCfg = Release|Any CPU
		{44854E01-F4BA-4913-BDE8-A5F3B600BD66}.Release|Any CPU.Build.0 = Release|Any CPU
	EndGlobalSection
	GlobalSection(SolutionProperties) = preSolution
		HideSolutionNode = FALSE
	EndGlobalSection
	GlobalSection(ExtensibilityGlobals) = postSolution
		SolutionGuid = {0FD296F1-4EF3-4516-B7DC-BFEE5B028E52}
	EndGlobalSection
EndGlobal
